github.com/lunixbochs/struc v0.0.0-20190326164542-a9e4041416c2 h1:xvBq0/ARZLqmB57m6jds017I+KtXPcsKBHv6dUUac4A=
github.com/lunixbochs/struc v0.0.0-20190326164542-a9e4041416c2/go.mod h1:iOJu9pApjjmEmNq7PqlA5R9mDu/HMF5EM3llWKX/TyA=
golang.org/x/image v0.0.0-20190523035834-f03afa92d3ff h1:+2zgJKVDVAz/BWSsuniCmU1kLCjL88Z8/kv39xCI9NQ=
golang.org/x/image v0.0.0-20190523035834-f03afa92d3ff/go.mod h1:kZ7UVZpmo3dzQBMxlp+ypCbDeSB+sBbTgSJuh5dn5js=
golang.org/x/text v0.3.0/go.mod h1:NqM8EUOU14njkJ3fqMW+pc6Ldnwhi/IjpwHt7yyuwOQ=
